
Microsoft Visual Studio Solution File, Format Version 12.00
# Visual Studio 15
Project("{FAE04EC0-301F-11D3-BF4B-00C04F79EFBC}") = "PoliceCaseApi", "PoliceCaseApi.csproj", "{4A08C645-6838-4FB0-8C95-CD3BEB37B75E}"
EndProject
Global
	GlobalSection(SolutionConfigurationPlatforms) = preSolution
		Debug|Any CPU = Debug|Any CPU
		Release|Any CPU = Release|Any CPU
	EndGlobalSection
	GlobalSection(ProjectConfigurationPlatforms) = postSolution
		{4A08C645-6838-4FB0-8C95-CD3BEB37B75E}.Debug|Any CPU.ActiveCfg = Debug|Any CPU
		{4A08C645-6838-4FB0-8C95-CD3BEB37B75E}.Debug|Any CPU.Build.0 = Debug|Any CPU
		{4A08C645-6838-4FB0-8C95-CD3BEB37B75E}.Release|Any CPU.ActiveCfg = Release|Any CPU
		{4A08C645-6838-4FB0-8C95-CD3BEB37B75E}.Release|Any CPU.Build.0 = Release|Any CPU
	EndGlobalSection
EndGlobal
